
Microsoft Visual Studio Solution File, Format Version 12.00
# Visual Studio Version 17
VisualStudioVersion = 17.3.32929.385
MinimumVisualStudioVersion = 10.0.40219.1
Project("{FAE04EC0-301F-11D3-BF4B-00C04F79EFBC}") = "Zamykaczv2", "Zamykaczv2.csproj", "{AC8196E1-9EC1-434D-9115-94B8267BE61F}"
EndProject
Global
	GlobalSection(SolutionConfigurationPlatforms) = preSolution
		Debug|Any CPU = Debug|Any CPU
		Release|Any CPU = Release|Any CPU
	EndGlobalSection
	GlobalSection(ProjectConfigurationPlatforms) = postSolution
		{AC8196E1-9EC1-434D-9115-94B8267BE61F}.Debug|Any CPU.ActiveCfg = Debug|Any CPU
		{AC8196E1-9EC1-434D-9115-94B8267BE61F}.Debug|Any CPU.Build.0 = Debug|Any CPU
		{AC8196E1-9EC1-434D-9115-94B8267BE61F}.Release|Any CPU.ActiveCfg = Release|Any CPU
		{AC8196E1-9EC1-434D-9115-94B8267BE61F}.Release|Any CPU.Build.0 = Release|Any CPU
	EndGlobalSection
	GlobalSection(SolutionProperties) = preSolution
		HideSolutionNode = FALSE
	EndGlobalSection
	GlobalSection(ExtensibilityGlobals) = postSolution
		SolutionGuid = {64387453-BB2B-4DDC-8E65-FA86271CEADD}
	EndGlobalSection
EndGlobal
